{
  "requires": true,
  "lockfileVersion": 1,
  "dependencies": {
    "react-rounded-image": {
      "version": "2.0.13",
      "resolved": "https://registry.npmjs.org/react-rounded-image/-/react-rounded-image-2.0.13.tgz",
      "integrity": "sha512-K8IHgkEbIjRDyuVOPgac2ieAy9wmEGPMsQQbDdDNzuwgJzoe5/hvVrpMCOpWgry1Lu5p+eYDOytv7dzsYTx2bQ=="
    }
  }
}
